<?xml version="1.0" encoding="utf-8"?>
<Project ToolsVersion="4.0" xmlns="http://schemas.microsoft.com/developer/msbuild/2003">
  <ItemGroup>
    <Filter Include="Source Files">
      <UniqueIdentifier>{4FC737F1-C7A5-4376-A066-2A32D752A2FF}</UniqueIdentifier>
      <Extensions>cpp;c;cc;cxx;c++;def;odl;idl;hpj;bat;asm;asmx</Extensions>
    </Filter>
    <Filter Include="Header Files">
      <UniqueIdentifier>{93995380-89BD-4b04-88EB-625FBE52EBFB}</UniqueIdentifier>
      <Extensions>h;hh;hpp;hxx;h++;hm;inl;inc;ipp;xsd</Extensions>
    </Filter>
    <Filter Include="Resource Files">
      <UniqueIdentifier>{67DA6AB6-F800-4c08-8B7A-83BB121AAD01}</UniqueIdentifier>
      <Extensions>rc;ico;cur;bmp;dlg;rc2;rct;bin;rgs;gif;jpg;jpeg;jpe;resx;tiff;tif;png;wav;mfcribbon-ms</Extensions>
    </Filter>
    <Filter Include="Header Files\Tools">
      <UniqueIdentifier>{7066c3ad-5e55-48f5-9835-4a8288655734}</UniqueIdentifier>
    </Filter>
    <Filter Include="Source Files\Tools">
      <UniqueIdentifier>{71738224-8b05-48f1-8089-7803d80443e9}</UniqueIdentifier>
    </Filter>
    <Filter Include="Source Files\Logging">
      <UniqueIdentifier>{aecb3df6-9812-4e5d-bc05-e93acaf4aa29}</UniqueIdentifier>
    </Filter>
    <Filter Include="Header Files\Logging">
      <UniqueIdentifier>{8954d7ea-c401-42b7-a2da-e3a3dd59722e}</UniqueIdentifier>
    </Filter>
    <Filter Include="Header Files\Messages">
      <UniqueIdentifier>{04c768bd-3129-439e-99d0-29c2f705c496}</UniqueIdentifier>
    </Filter>
    <Filter Include="Source Files\Messages">
      <UniqueIdentifier>{df85e6af-8aab-46fa-8757-8ab0526796d3}</UniqueIdentifier>
    </Filter>
    <Filter Include="Header Files\HSM">
      <UniqueIdentifier>{b51a030b-9c6f-4555-acd1-50df2998ed02}</UniqueIdentifier>
    </Filter>
    <Filter Include="Source Files\HSM">
      <UniqueIdentifier>{fa61b920-33e2-4414-8786-26ee8dbd95ad}</UniqueIdentifier>
    </Filter>
    <Filter Include="Header Files\Comms">
      <UniqueIdentifier>{10b2afb2-ed91-4b32-ab31-799c06110187}</UniqueIdentifier>
    </Filter>
    <Filter Include="Source Files\Comms">
      <UniqueIdentifier>{2d547fde-d125-4b04-80c6-af3e61f14d90}</UniqueIdentifier>
    </Filter>
  </ItemGroup>
  <ItemGroup>
    <ClInclude Include="pch.h">
      <Filter>Header Files</Filter>
    </ClInclude>
    <ClInclude Include="Tools\ValueOps.h">
      <Filter>Header Files\Tools</Filter>
    </ClInclude>
    <ClInclude Include="TOOLS\Exceptions.h">
      <Filter>Header Files\Tools</Filter>
    </ClInclude>
    <ClInclude Include="TOOLS\FileOps.h">
      <Filter>Header Files\Tools</Filter>
    </ClInclude>
    <ClInclude Include="TOOLS\SerialOps.h">
      <Filter>Header Files\Tools</Filter>
    </ClInclude>
    <ClInclude Include="TOOLS\TimeClock.h">
      <Filter>Header Files\Tools</Filter>
    </ClInclude>
    <ClInclude Include="TOOLS\StringOps.h">
      <Filter>Header Files\Tools</Filter>
    </ClInclude>
    <ClInclude Include="Tools\gsl.h">
      <Filter>Header Files\Tools</Filter>
    </ClInclude>
    <ClInclude Include="TOOLS\Tokenizer.h">
      <Filter>Header Files\Tools</Filter>
    </ClInclude>
    <ClInclude Include="TOOLS\ConfigFile.h">
      <Filter>Header Files\Tools</Filter>
    </ClInclude>
    <ClInclude Include="TOOLS\SocketOps.h">
      <Filter>Header Files\Tools</Filter>
    </ClInclude>
    <ClInclude Include="TOOLS\ThreadOps.h">
      <Filter>Header Files\Tools</Filter>
    </ClInclude>
    <ClInclude Include="TOOLS\TimerOps.h">
      <Filter>Header Files\Tools</Filter>
    </ClInclude>
    <ClInclude Include="LOGGING\LogMessage.h">
      <Filter>Header Files\Logging</Filter>
    </ClInclude>
    <ClInclude Include="LOGGING\LogMessageBuilder.h">
      <Filter>Header Files\Logging</Filter>
    </ClInclude>
    <ClInclude Include="LOGGING\LogMessageTemplate.h">
      <Filter>Header Files\Logging</Filter>
    </ClInclude>
    <ClInclude Include="TOOLS\SteadyClock.h">
      <Filter>Header Files\Tools</Filter>
    </ClInclude>
    <ClInclude Include="LOGGING\LogSink.h">
      <Filter>Header Files\Logging</Filter>
    </ClInclude>
    <ClInclude Include="LOGGING\ConsoleSink.h">
      <Filter>Header Files\Logging</Filter>
    </ClInclude>
    <ClInclude Include="LOGGING\FileSink.h">
      <Filter>Header Files\Logging</Filter>
    </ClInclude>
    <ClInclude Include="MESSAGES\RoutableMessage.h">
      <Filter>Header Files\Messages</Filter>
    </ClInclude>
    <ClInclude Include="MESSAGES\HSMRequest.h">
      <Filter>Header Files\Messages</Filter>
    </ClInclude>
    <ClInclude Include="MESSAGES\MessageNode.h">
      <Filter>Header Files\Messages</Filter>
    </ClInclude>
    <ClInclude Include="HSM\HSMNode.h">
      <Filter>Header Files\HSM</Filter>
    </ClInclude>
    <ClInclude Include="HSM\FuturexHSMNode.h">
      <Filter>Header Files\HSM</Filter>
    </ClInclude>
    <ClInclude Include="COMMS\Comms.h">
      <Filter>Header Files\Comms</Filter>
    </ClInclude>
    <ClInclude Include="COMMS\CommsClient.h">
      <Filter>Header Files\Comms</Filter>
    </ClInclude>
    <ClInclude Include="COMMS\Connection.h">
      <Filter>Header Files\Comms</Filter>
    </ClInclude>
  </ItemGroup>
  <ItemGroup>
    <ClCompile Include="pch.cpp">
      <Filter>Source Files</Filter>
    </ClCompile>
    <ClCompile Include="TOOLS\Exceptions.cpp">
      <Filter>Source Files\Tools</Filter>
    </ClCompile>
    <ClCompile Include="TOOLS\ConfigFile.cpp">
      <Filter>Source Files\Tools</Filter>
    </ClCompile>
    <ClCompile Include="TOOLS\SocketOps.cpp">
      <Filter>Source Files\Tools</Filter>
    </ClCompile>
    <ClCompile Include="TOOLS\TimerOps.cpp">
      <Filter>Source Files\Tools</Filter>
    </ClCompile>
    <ClCompile Include="LOGGING\LogSink.cpp">
      <Filter>Source Files\Logging</Filter>
    </ClCompile>
    <ClCompile Include="MESSAGES\HSMRequest.cpp">
      <Filter>Source Files\Messages</Filter>
    </ClCompile>
    <ClCompile Include="HSM\HSMNode.cpp">
      <Filter>Source Files\HSM</Filter>
    </ClCompile>
    <ClCompile Include="HSM\FuturexHSMNode.cpp">
      <Filter>Source Files\HSM</Filter>
    </ClCompile>
    <ClCompile Include="MESSAGES\MessageNode.cpp">
      <Filter>Source Files\Messages</Filter>
    </ClCompile>
    <ClCompile Include="COMMS\Comms.cpp">
      <Filter>Source Files\Comms</Filter>
    </ClCompile>
    <ClCompile Include="COMMS\Connection.cpp">
      <Filter>Source Files\Comms</Filter>
    </ClCompile>
  </ItemGroup>
</Project>